
Microsoft Visual Studio Solution File, Format Version 12.00
# Visual Studio Version 16
VisualStudioVersion = 16.0.29209.62
MinimumVisualStudioVersion = 10.0.40219.1
Project("{9A19103F-16F7-4668-BE54-9A1E7A4F7556}") = "BangumiProject", "BangumiProject\BangumiProject.csproj", "{EFCF2180-97A5-4942-937B-EE8B432E2473}"
EndProject
Project("{2150E333-8FDC-42A3-9474-1A3956D46DE8}") = "Solution Items", "Solution Items", "{846A33B2-42D9-47E2-900C-CB4A1880107D}"
	ProjectSection(SolutionItems) = preProject
		Dockerfile = Dockerfile
		Progress_Control.md = Progress_Control.md
		README.md = README.md
	EndProjectSection
EndProject
Project("{9A19103F-16F7-4668-BE54-9A1E7A4F7556}") = "MoeMushi", "MoeMushi\MoeMushi.csproj", "{759FB93C-7E51-4D34-AE57-70355E1984ED}"
EndProject
Project("{9A19103F-16F7-4668-BE54-9A1E7A4F7556}") = "BaseProject", "BaseProject\BaseProject.csproj", "{0AB4B054-BD6E-47B5-84BF-3D643DF4EC94}"
EndProject
Project("{9A19103F-16F7-4668-BE54-9A1E7A4F7556}") = "BangumiProjectDBServices", "BangumiProjectDBServices\BangumiProjectDBServices.csproj", "{13CF669B-0FEE-4613-8FF9-665254DCF126}"
EndProject
Project("{9A19103F-16F7-4668-BE54-9A1E7A4F7556}") = "MoeUtils", "System\MoeUtils.csproj", "{CFF9BAA6-F62C-44F1-A2F1-E7434CA0347D}"
EndProject
Project("{9A19103F-16F7-4668-BE54-9A1E7A4F7556}") = "BangumiProjectProcess", "BangumiProjectProcess\BangumiProjectProcess.csproj", "{EB730041-71C2-4A12-B1EC-4E8F11EACFBE}"
EndProject
Global
	GlobalSection(SolutionConfigurationPlatforms) = preSolution
		Debug|Any CPU = Debug|Any CPU
		Debug|x64 = Debug|x64
		Release|Any CPU = Release|Any CPU
		Release|x64 = Release|x64
	EndGlobalSection
	GlobalSection(ProjectConfigurationPlatforms) = postSolution
		{EFCF2180-97A5-4942-937B-EE8B432E2473}.Debug|Any CPU.ActiveCfg = Debug|Any CPU
		{EFCF2180-97A5-4942-937B-EE8B432E2473}.Debug|Any CPU.Build.0 = Debug|Any CPU
		{EFCF2180-97A5-4942-937B-EE8B432E2473}.Debug|x64.ActiveCfg = Debug|x64
		{EFCF2180-97A5-4942-937B-EE8B432E2473}.Debug|x64.Build.0 = Debug|x64
		{EFCF2180-97A5-4942-937B-EE8B432E2473}.Release|Any CPU.ActiveCfg = Release|Any CPU
		{EFCF2180-97A5-4942-937B-EE8B432E2473}.Release|Any CPU.Build.0 = Release|Any CPU
		{EFCF2180-97A5-4942-937B-EE8B432E2473}.Release|x64.ActiveCfg = Release|x64
		{EFCF2180-97A5-4942-937B-EE8B432E2473}.Release|x64.Build.0 = Release|x64
		{759FB93C-7E51-4D34-AE57-70355E1984ED}.Debug|Any CPU.ActiveCfg = Debug|Any CPU
		{759FB93C-7E51-4D34-AE57-70355E1984ED}.Debug|Any CPU.Build.0 = Debug|Any CPU
		{759FB93C-7E51-4D34-AE57-70355E1984ED}.Debug|x64.ActiveCfg = Debug|x64
		{759FB93C-7E51-4D34-AE57-70355E1984ED}.Debug|x64.Build.0 = Debug|x64
		{759FB93C-7E51-4D34-AE57-70355E1984ED}.Release|Any CPU.ActiveCfg = Release|Any CPU
		{759FB93C-7E51-4D34-AE57-70355E1984ED}.Release|Any CPU.Build.0 = Release|Any CPU
		{759FB93C-7E51-4D34-AE57-70355E1984ED}.Release|x64.ActiveCfg = Release|x64
		{759FB93C-7E51-4D34-AE57-70355E1984ED}.Release|x64.Build.0 = Release|x64
		{0AB4B054-BD6E-47B5-84BF-3D643DF4EC94}.Debug|Any CPU.ActiveCfg = Debug|Any CPU
		{0AB4B054-BD6E-47B5-84BF-3D643DF4EC94}.Debug|Any CPU.Build.0 = Debug|Any CPU
		{0AB4B054-BD6E-47B5-84BF-3D643DF4EC94}.Debug|x64.ActiveCfg = Debug|x64
		{0AB4B054-BD6E-47B5-84BF-3D643DF4EC94}.Debug|x64.Build.0 = Debug|x64
		{0AB4B054-BD6E-47B5-84BF-3D643DF4EC94}.Release|Any CPU.ActiveCfg = Release|Any CPU
		{0AB4B054-BD6E-47B5-84BF-3D643DF4EC94}.Release|Any CPU.Build.0 = Release|Any CPU
		{0AB4B054-BD6E-47B5-84BF-3D643DF4EC94}.Release|x64.ActiveCfg = Release|x64
		{0AB4B054-BD6E-47B5-84BF-3D643DF4EC94}.Release|x64.Build.0 = Release|x64
		{13CF669B-0FEE-4613-8FF9-665254DCF126}.Debug|Any CPU.ActiveCfg = Debug|Any CPU
		{13CF669B-0FEE-4613-8FF9-665254DCF126}.Debug|Any CPU.Build.0 = Debug|Any CPU
		{13CF669B-0FEE-4613-8FF9-665254DCF126}.Debug|x64.ActiveCfg = Debug|x64
		{13CF669B-0FEE-4613-8FF9-665254DCF126}.Debug|x64.Build.0 = Debug|x64
		{13CF669B-0FEE-4613-8FF9-665254DCF126}.Release|Any CPU.ActiveCfg = Release|Any CPU
		{13CF669B-0FEE-4613-8FF9-665254DCF126}.Release|Any CPU.Build.0 = Release|Any CPU
		{13CF669B-0FEE-4613-8FF9-665254DCF126}.Release|x64.ActiveCfg = Release|x64
		{13CF669B-0FEE-4613-8FF9-665254DCF126}.Release|x64.Build.0 = Release|x64
		{CFF9BAA6-F62C-44F1-A2F1-E7434CA0347D}.Debug|Any CPU.ActiveCfg = Debug|Any CPU
		{CFF9BAA6-F62C-44F1-A2F1-E7434CA0347D}.Debug|Any CPU.Build.0 = Debug|Any CPU
		{CFF9BAA6-F62C-44F1-A2F1-E7434CA0347D}.Debug|x64.ActiveCfg = Debug|x64
		{CFF9BAA6-F62C-44F1-A2F1-E7434CA0347D}.Debug|x64.Build.0 = Debug|x64
		{CFF9BAA6-F62C-44F1-A2F1-E7434CA0347D}.Release|Any CPU.ActiveCfg = Release|Any CPU
		{CFF9BAA6-F62C-44F1-A2F1-E7434CA0347D}.Release|Any CPU.Build.0 = Release|Any CPU
		{CFF9BAA6-F62C-44F1-A2F1-E7434CA0347D}.Release|x64.ActiveCfg = Release|x64
		{CFF9BAA6-F62C-44F1-A2F1-E7434CA0347D}.Release|x64.Build.0 = Release|x64
		{EB730041-71C2-4A12-B1EC-4E8F11EACFBE}.Debug|Any CPU.ActiveCfg = Debug|Any CPU
		{EB730041-71C2-4A12-B1EC-4E8F11EACFBE}.Debug|Any CPU.Build.0 = Debug|Any CPU
		{EB730041-71C2-4A12-B1EC-4E8F11EACFBE}.Debug|x64.ActiveCfg = Debug|x64
		{EB730041-71C2-4A12-B1EC-4E8F11EACFBE}.Debug|x64.Build.0 = Debug|x64
		{EB730041-71C2-4A12-B1EC-4E8F11EACFBE}.Release|Any CPU.ActiveCfg = Release|Any CPU
		{EB730041-71C2-4A12-B1EC-4E8F11EACFBE}.Release|Any CPU.Build.0 = Release|Any CPU
		{EB730041-71C2-4A12-B1EC-4E8F11EACFBE}.Release|x64.ActiveCfg = Release|x64
		{EB730041-71C2-4A12-B1EC-4E8F11EACFBE}.Release|x64.Build.0 = Release|x64
	EndGlobalSection
	GlobalSection(SolutionProperties) = preSolution
		HideSolutionNode = FALSE
	EndGlobalSection
	GlobalSection(ExtensibilityGlobals) = postSolution
		SolutionGuid = {C653C254-8941-4DEE-98FD-98D8284299A8}
	EndGlobalSection
EndGlobal
