
Microsoft Visual Studio Solution File, Format Version 12.00
# Visual Studio 15
VisualStudioVersion = 15.0.28010.2046
MinimumVisualStudioVersion = 10.0.40219.1
Project("{9A19103F-16F7-4668-BE54-9A1E7A4F7556}") = "BangumiProject", "BangumiProject\BangumiProject.csproj", "{EFCF2180-97A5-4942-937B-EE8B432E2473}"
EndProject
Project("{9A19103F-16F7-4668-BE54-9A1E7A4F7556}") = "MoeUtilsBox", "MoeUtilsBox\MoeUtilsBox.csproj", "{F1DF9EA5-C487-4066-A184-5B0454A8136A}"
EndProject
Global
	GlobalSection(SolutionConfigurationPlatforms) = preSolution
		Debug|Any CPU = Debug|Any CPU
		Debug|x64 = Debug|x64
		Release|Any CPU = Release|Any CPU
		Release|x64 = Release|x64
	EndGlobalSection
	GlobalSection(ProjectConfigurationPlatforms) = postSolution
		{EFCF2180-97A5-4942-937B-EE8B432E2473}.Debug|Any CPU.ActiveCfg = Debug|Any CPU
		{EFCF2180-97A5-4942-937B-EE8B432E2473}.Debug|Any CPU.Build.0 = Debug|Any CPU
		{EFCF2180-97A5-4942-937B-EE8B432E2473}.Debug|x64.ActiveCfg = Debug|x64
		{EFCF2180-97A5-4942-937B-EE8B432E2473}.Debug|x64.Build.0 = Debug|x64
		{EFCF2180-97A5-4942-937B-EE8B432E2473}.Release|Any CPU.ActiveCfg = Release|Any CPU
		{EFCF2180-97A5-4942-937B-EE8B432E2473}.Release|Any CPU.Build.0 = Release|Any CPU
		{EFCF2180-97A5-4942-937B-EE8B432E2473}.Release|x64.ActiveCfg = Release|x64
		{EFCF2180-97A5-4942-937B-EE8B432E2473}.Release|x64.Build.0 = Release|x64
		{F1DF9EA5-C487-4066-A184-5B0454A8136A}.Debug|Any CPU.ActiveCfg = Debug|Any CPU
		{F1DF9EA5-C487-4066-A184-5B0454A8136A}.Debug|Any CPU.Build.0 = Debug|Any CPU
		{F1DF9EA5-C487-4066-A184-5B0454A8136A}.Debug|x64.ActiveCfg = Debug|x64
		{F1DF9EA5-C487-4066-A184-5B0454A8136A}.Debug|x64.Build.0 = Debug|x64
		{F1DF9EA5-C487-4066-A184-5B0454A8136A}.Release|Any CPU.ActiveCfg = Release|Any CPU
		{F1DF9EA5-C487-4066-A184-5B0454A8136A}.Release|Any CPU.Build.0 = Release|Any CPU
		{F1DF9EA5-C487-4066-A184-5B0454A8136A}.Release|x64.ActiveCfg = Release|x64
		{F1DF9EA5-C487-4066-A184-5B0454A8136A}.Release|x64.Build.0 = Release|x64
	EndGlobalSection
	GlobalSection(SolutionProperties) = preSolution
		HideSolutionNode = FALSE
	EndGlobalSection
	GlobalSection(ExtensibilityGlobals) = postSolution
		SolutionGuid = {35D218FE-B55E-4530-A89B-F550DB67B113}
	EndGlobalSection
EndGlobal
